
Microsoft Visual Studio Solution File, Format Version 12.00
# Visual Studio 15
VisualStudioVersion = 15.0.26430.16
MinimumVisualStudioVersion = 10.0.40219.1
Project("{FAE04EC0-301F-11D3-BF4B-00C04F79EFBC}") = "Binode.Data.Model", "Binode.Data.Model\Binode.Data.Model.csproj", "{07667AB4-7486-460F-900B-4524A35B55FA}"
EndProject
Project("{FAE04EC0-301F-11D3-BF4B-00C04F79EFBC}") = "Binode.Presentation.WinForm", "Binode.Presentation.WinForm\Binode.Presentation.WinForm.csproj", "{D749F8A0-5F4A-4AAC-9D64-8706A26C381C}"
EndProject
Global
	GlobalSection(SolutionConfigurationPlatforms) = preSolution
		Debug|Any CPU = Debug|Any CPU
		Release|Any CPU = Release|Any CPU
	EndGlobalSection
	GlobalSection(ProjectConfigurationPlatforms) = postSolution
		{07667AB4-7486-460F-900B-4524A35B55FA}.Debug|Any CPU.ActiveCfg = Debug|Any CPU
		{07667AB4-7486-460F-900B-4524A35B55FA}.Debug|Any CPU.Build.0 = Debug|Any CPU
		{07667AB4-7486-460F-900B-4524A35B55FA}.Release|Any CPU.ActiveCfg = Release|Any CPU
		{07667AB4-7486-460F-900B-4524A35B55FA}.Release|Any CPU.Build.0 = Release|Any CPU
		{D749F8A0-5F4A-4AAC-9D64-8706A26C381C}.Debug|Any CPU.ActiveCfg = Debug|Any CPU
		{D749F8A0-5F4A-4AAC-9D64-8706A26C381C}.Debug|Any CPU.Build.0 = Debug|Any CPU
		{D749F8A0-5F4A-4AAC-9D64-8706A26C381C}.Release|Any CPU.ActiveCfg = Release|Any CPU
		{D749F8A0-5F4A-4AAC-9D64-8706A26C381C}.Release|Any CPU.Build.0 = Release|Any CPU
	EndGlobalSection
	GlobalSection(SolutionProperties) = preSolution
		HideSolutionNode = FALSE
	EndGlobalSection
EndGlobal
